
Microsoft Visual Studio Solution File, Format Version 12.00
# Visual Studio 15
VisualStudioVersion = 15.0.26403.3
MinimumVisualStudioVersion = 10.0.40219.1
Project("{FAE04EC0-301F-11D3-BF4B-00C04F79EFBC}") = "HW8", "HW8\HW8.csproj", "{27E505A1-2E96-4305-8DC0-6B05C23FC111}"
EndProject
Global
	GlobalSection(SolutionConfigurationPlatforms) = preSolution
		Debug|ARM = Debug|ARM
		Debug|x64 = Debug|x64
		Debug|x86 = Debug|x86
		Release|ARM = Release|ARM
		Release|x64 = Release|x64
		Release|x86 = Release|x86
	EndGlobalSection
	GlobalSection(ProjectConfigurationPlatforms) = postSolution
		{27E505A1-2E96-4305-8DC0-6B05C23FC111}.Debug|ARM.ActiveCfg = Debug|ARM
		{27E505A1-2E96-4305-8DC0-6B05C23FC111}.Debug|ARM.Build.0 = Debug|ARM
		{27E505A1-2E96-4305-8DC0-6B05C23FC111}.Debug|ARM.Deploy.0 = Debug|ARM
		{27E505A1-2E96-4305-8DC0-6B05C23FC111}.Debug|x64.ActiveCfg = Debug|x64
		{27E505A1-2E96-4305-8DC0-6B05C23FC111}.Debug|x64.Build.0 = Debug|x64
		{27E505A1-2E96-4305-8DC0-6B05C23FC111}.Debug|x64.Deploy.0 = Debug|x64
		{27E505A1-2E96-4305-8DC0-6B05C23FC111}.Debug|x86.ActiveCfg = Debug|x86
		{27E505A1-2E96-4305-8DC0-6B05C23FC111}.Debug|x86.Build.0 = Debug|x86
		{27E505A1-2E96-4305-8DC0-6B05C23FC111}.Debug|x86.Deploy.0 = Debug|x86
		{27E505A1-2E96-4305-8DC0-6B05C23FC111}.Release|ARM.ActiveCfg = Release|ARM
		{27E505A1-2E96-4305-8DC0-6B05C23FC111}.Release|ARM.Build.0 = Release|ARM
		{27E505A1-2E96-4305-8DC0-6B05C23FC111}.Release|ARM.Deploy.0 = Release|ARM
		{27E505A1-2E96-4305-8DC0-6B05C23FC111}.Release|x64.ActiveCfg = Release|x64
		{27E505A1-2E96-4305-8DC0-6B05C23FC111}.Release|x64.Build.0 = Release|x64
		{27E505A1-2E96-4305-8DC0-6B05C23FC111}.Release|x64.Deploy.0 = Release|x64
		{27E505A1-2E96-4305-8DC0-6B05C23FC111}.Release|x86.ActiveCfg = Release|x86
		{27E505A1-2E96-4305-8DC0-6B05C23FC111}.Release|x86.Build.0 = Release|x86
		{27E505A1-2E96-4305-8DC0-6B05C23FC111}.Release|x86.Deploy.0 = Release|x86
	EndGlobalSection
	GlobalSection(SolutionProperties) = preSolution
		HideSolutionNode = FALSE
	EndGlobalSection
EndGlobal
